
Microsoft Visual Studio Solution File, Format Version 12.00
# Visual Studio 15
VisualStudioVersion = 15.0.27428.2037
MinimumVisualStudioVersion = 10.0.40219.1
Project("{FAE04EC0-301F-11D3-BF4B-00C04F79EFBC}") = "alm1", "alm1\alm1.csproj", "{5AFCB431-E1D6-4E45-9391-9036BDF0FBBA}"
EndProject
Project("{FAE04EC0-301F-11D3-BF4B-00C04F79EFBC}") = "alm2", "alm2\alm2.csproj", "{3257A4F6-AAEE-49F4-AE50-6CE237B21AC9}"
EndProject
Global
	GlobalSection(SolutionConfigurationPlatforms) = preSolution
		Debug|Any CPU = Debug|Any CPU
		Release|Any CPU = Release|Any CPU
	EndGlobalSection
	GlobalSection(ProjectConfigurationPlatforms) = postSolution
		{5AFCB431-E1D6-4E45-9391-9036BDF0FBBA}.Debug|Any CPU.ActiveCfg = Debug|Any CPU
		{5AFCB431-E1D6-4E45-9391-9036BDF0FBBA}.Debug|Any CPU.Build.0 = Debug|Any CPU
		{5AFCB431-E1D6-4E45-9391-9036BDF0FBBA}.Release|Any CPU.ActiveCfg = Release|Any CPU
		{5AFCB431-E1D6-4E45-9391-9036BDF0FBBA}.Release|Any CPU.Build.0 = Release|Any CPU
		{3257A4F6-AAEE-49F4-AE50-6CE237B21AC9}.Debug|Any CPU.ActiveCfg = Debug|Any CPU
		{3257A4F6-AAEE-49F4-AE50-6CE237B21AC9}.Debug|Any CPU.Build.0 = Debug|Any CPU
		{3257A4F6-AAEE-49F4-AE50-6CE237B21AC9}.Release|Any CPU.ActiveCfg = Release|Any CPU
		{3257A4F6-AAEE-49F4-AE50-6CE237B21AC9}.Release|Any CPU.Build.0 = Release|Any CPU
	EndGlobalSection
	GlobalSection(SolutionProperties) = preSolution
		HideSolutionNode = FALSE
	EndGlobalSection
	GlobalSection(ExtensibilityGlobals) = postSolution
		SolutionGuid = {4E498C64-62F4-4E2B-8C05-5C56E1E8DF12}
	EndGlobalSection
EndGlobal
